// !$*UTF8*$!
{
	archiveVersion = 1;
	classes = {
	};
	objectVersion = 56;
	objects = {

/* Begin PBXBuildFile section */
		7C1A433529C8D40B00457BFF /* AppDelegate.swift in Sources */ = {isa = PBXBuildFile; fileRef = 7C1A433429C8D40B00457BFF /* AppDelegate.swift */; };
		7C1A433729C8D40B00457BFF /* SceneDelegate.swift in Sources */ = {isa = PBXBuildFile; fileRef = 7C1A433629C8D40B00457BFF /* SceneDelegate.swift */; };
		7C1A433C29C8D40B00457BFF /* Main.storyboard in Resources */ = {isa = PBXBuildFile; fileRef = 7C1A433A29C8D40B00457BFF /* Main.storyboard */; };
		7C1A433E29C8D40C00457BFF /* Assets.xcassets in Resources */ = {isa = PBXBuildFile; fileRef = 7C1A433D29C8D40C00457BFF /* Assets.xcassets */; };
		7C1A434129C8D40C00457BFF /* LaunchScreen.storyboard in Resources */ = {isa = PBXBuildFile; fileRef = 7C1A433F29C8D40C00457BFF /* LaunchScreen.storyboard */; };
		7CF39CCC29C8F39C009002F9 /* Hunt.swift in Sources */ = {isa = PBXBuildFile; fileRef = 7CF39CCB29C8F39C009002F9 /* Hunt.swift */; };
		7CF39CCE29C8F48D009002F9 /* HuntDetailViewController.swift in Sources */ = {isa = PBXBuildFile; fileRef = 7CF39CCD29C8F48D009002F9 /* HuntDetailViewController.swift */; };
		7CF39CD029C8F4BF009002F9 /* HuntAnnotationView.swift in Sources */ = {isa = PBXBuildFile; fileRef = 7CF39CCF29C8F4BF009002F9 /* HuntAnnotationView.swift */; };
		7CF39CD229C8F50A009002F9 /* HuntComposeViewController.swift in Sources */ = {isa = PBXBuildFile; fileRef = 7CF39CD129C8F50A009002F9 /* HuntComposeViewController.swift */; };
		7CF39CD629C8F530009002F9 /* HuntCell.swift in Sources */ = {isa = PBXBuildFile; fileRef = 7CF39CD529C8F530009002F9 /* HuntCell.swift */; };
		7CF39CD829C8F55F009002F9 /* HuntListViewController.swift in Sources */ = {isa = PBXBuildFile; fileRef = 7CF39CD729C8F55F009002F9 /* HuntListViewController.swift */; };
/* End PBXBuildFile section */

/* Begin PBXFileReference section */
		7C1A433129C8D40B00457BFF /* Project 4.app */ = {isa = PBXFileReference; explicitFileType = wrapper.application; includeInIndex = 0; path = "Project 4.app"; sourceTree = BUILT_PRODUCTS_DIR; };
		7C1A433429C8D40B00457BFF /* AppDelegate.swift */ = {isa = PBXFileReference; lastKnownFileType = sourcecode.swift; path = AppDelegate.swift; sourceTree = "<group>"; };
		7C1A433629C8D40B00457BFF /* SceneDelegate.swift */ = {isa = PBXFileReference; lastKnownFileType = sourcecode.swift; path = SceneDelegate.swift; sourceTree = "<group>"; };
		7C1A433B29C8D40B00457BFF /* Base */ = {isa = PBXFileReference; lastKnownFileType = file.storyboard; name = Base; path = Base.lproj/Main.storyboard; sourceTree = "<group>"; };
		7C1A433D29C8D40C00457BFF /* Assets.xcassets */ = {isa = PBXFileReference; lastKnownFileType = folder.assetcatalog; path = Assets.xcassets; sourceTree = "<group>"; };
		7C1A434029C8D40C00457BFF /* Base */ = {isa = PBXFileReference; lastKnownFileType = file.storyboard; name = Base; path = Base.lproj/LaunchScreen.storyboard; sourceTree = "<group>"; };
		7C1A434229C8D40C00457BFF /* Info.plist */ = {isa = PBXFileReference; lastKnownFileType = text.plist.xml; path = Info.plist; sourceTree = "<group>"; };
		7CF39CCB29C8F39C009002F9 /* Hunt.swift */ = {isa = PBXFileReference; lastKnownFileType = sourcecode.swift; path = Hunt.swift; sourceTree = "<group>"; };
		7CF39CCD29C8F48D009002F9 /* HuntDetailViewController.swift */ = {isa = PBXFileReference; lastKnownFileType = sourcecode.swift; path = HuntDetailViewController.swift; sourceTree = "<group>"; };
		7CF39CCF29C8F4BF009002F9 /* HuntAnnotationView.swift */ = {isa = PBXFileReference; lastKnownFileType = sourcecode.swift; path = HuntAnnotationView.swift; sourceTree = "<group>"; };
		7CF39CD129C8F50A009002F9 /* HuntComposeViewController.swift */ = {isa = PBXFileReference; lastKnownFileType = sourcecode.swift; path = HuntComposeViewController.swift; sourceTree = "<group>"; };
		7CF39CD529C8F530009002F9 /* HuntCell.swift */ = {isa = PBXFileReference; lastKnownFileType = sourcecode.swift; path = HuntCell.swift; sourceTree = "<group>"; };
		7CF39CD729C8F55F009002F9 /* HuntListViewController.swift */ = {isa = PBXFileReference; lastKnownFileType = sourcecode.swift; path = HuntListViewController.swift; sourceTree = "<group>"; };
/* End PBXFileReference section */

/* Begin PBXFrameworksBuildPhase section */
		7C1A432E29C8D40B00457BFF /* Frameworks */ = {
			isa = PBXFrameworksBuildPhase;
			buildActionMask = 2147483647;
			files = (
			);
			runOnlyForDeploymentPostprocessing = 0;
		};
/* End PBXFrameworksBuildPhase section */

/* Begin PBXGroup section */
		7C1A432829C8D40B00457BFF = {
			isa = PBXGroup;
			children = (
				7C1A433329C8D40B00457BFF /* Project 4 */,
				7C1A433229C8D40B00457BFF /* Products */,
			);
			sourceTree = "<group>";
		};
		7C1A433229C8D40B00457BFF /* Products */ = {
			isa = PBXGroup;
			children = (
				7C1A433129C8D40B00457BFF /* Project 4.app */,
			);
			name = Products;
			sourceTree = "<group>";
		};
		7C1A433329C8D40B00457BFF /* Project 4 */ = {
			isa = PBXGroup;
			children = (
				7C1A433429C8D40B00457BFF /* AppDelegate.swift */,
				7C1A433629C8D40B00457BFF /* SceneDelegate.swift */,
				7CF39CC929C8F2D9009002F9 /* Hunt List */,
				7CF39CCA29C8F2E7009002F9 /* Hunt Compose */,
				7CF39CC829C8F2C7009002F9 /* Hunt Detail */,
				7CF39CC729C8F2C0009002F9 /* Models */,
				7C1A433A29C8D40B00457BFF /* Main.storyboard */,
				7C1A433F29C8D40C00457BFF /* LaunchScreen.storyboard */,
				7C1A433D29C8D40C00457BFF /* Assets.xcassets */,
				7C1A434229C8D40C00457BFF /* Info.plist */,
			);
			path = "Project 4";
			sourceTree = "<group>";
		};
		7CF39CC729C8F2C0009002F9 /* Models */ = {
			isa = PBXGroup;
			children = (
				7CF39CCB29C8F39C009002F9 /* Hunt.swift */,
			);
			path = Models;
			sourceTree = "<group>";
		};
		7CF39CC829C8F2C7009002F9 /* Hunt Detail */ = {
			isa = PBXGroup;
			children = (
				7CF39CCD29C8F48D009002F9 /* HuntDetailViewController.swift */,
				7CF39CCF29C8F4BF009002F9 /* HuntAnnotationView.swift */,
			);
			path = "Hunt Detail";
			sourceTree = "<group>";
		};
		7CF39CC929C8F2D9009002F9 /* Hunt List */ = {
			isa = PBXGroup;
			children = (
				7CF39CD729C8F55F009002F9 /* HuntListViewController.swift */,
				7CF39CD529C8F530009002F9 /* HuntCell.swift */,
			);
			path = "Hunt List";
			sourceTree = "<group>";
		};
		7CF39CCA29C8F2E7009002F9 /* Hunt Compose */ = {
			isa = PBXGroup;
			children = (
				7CF39CD129C8F50A009002F9 /* HuntComposeViewController.swift */,
			);
			path = "Hunt Compose";
			sourceTree = "<group>";
		};
/* End PBXGroup section */

/* Begin PBXNativeTarget section */
		7C1A433029C8D40B00457BFF /* Project 4 */ = {
			isa = PBXNativeTarget;
			buildConfigurationList = 7C1A434529C8D40C00457BFF /* Build configuration list for PBXNativeTarget "Project 4" */;
			buildPhases = (
				7C1A432D29C8D40B00457BFF /* Sources */,
				7C1A432E29C8D40B00457BFF /* Frameworks */,
				7C1A432F29C8D40B00457BFF /* Resources */,
			);
			buildRules = (
			);
			dependencies = (
			);
			name = "Project 4";
			productName = "Project 4";
			productReference = 7C1A433129C8D40B00457BFF /* Project 4.app */;
			productType = "com.apple.product-type.application";
		};
/* End PBXNativeTarget section */

/* Begin PBXProject section */
		7C1A432929C8D40B00457BFF /* Project object */ = {
			isa = PBXProject;
			attributes = {
				BuildIndependentTargetsInParallel = 1;
				LastSwiftUpdateCheck = 1420;
				LastUpgradeCheck = 1420;
				TargetAttributes = {
					7C1A433029C8D40B00457BFF = {
						CreatedOnToolsVersion = 14.2;
					};
				};
			};
			buildConfigurationList = 7C1A432C29C8D40B00457BFF /* Build configuration list for PBXProject "Project 4" */;
			compatibilityVersion = "Xcode 14.0";
			developmentRegion = en;
			hasScannedForEncodings = 0;
			knownRegions = (
				en,
				Base,
			);
			mainGroup = 7C1A432829C8D40B00457BFF;
			productRefGroup = 7C1A433229C8D40B00457BFF /* Products */;
			projectDirPath = "";
			projectRoot = "";
			targets = (
				7C1A433029C8D40B00457BFF /* Project 4 */,
			);
		};
/* End PBXProject section */

/* Begin PBXResourcesBuildPhase section */
		7C1A432F29C8D40B00457BFF /* Resources */ = {
			isa = PBXResourcesBuildPhase;
			buildActionMask = 2147483647;
			files = (
				7C1A434129C8D40C00457BFF /* LaunchScreen.storyboard in Resources */,
				7C1A433E29C8D40C00457BFF /* Assets.xcassets in Resources */,
				7C1A433C29C8D40B00457BFF /* Main.storyboard in Resources */,
			);
			runOnlyForDeploymentPostprocessing = 0;
		};
/* End PBXResourcesBuildPhase section */

/* Begin PBXSourcesBuildPhase section */
		7C1A432D29C8D40B00457BFF /* Sources */ = {
			isa = PBXSourcesBuildPhase;
			buildActionMask = 2147483647;
			files = (
				7C1A433529C8D40B00457BFF /* AppDelegate.swift in Sources */,
				7CF39CD829C8F55F009002F9 /* HuntListViewController.swift in Sources */,
				7CF39CD029C8F4BF009002F9 /* HuntAnnotationView.swift in Sources */,
				7CF39CCC29C8F39C009002F9 /* Hunt.swift in Sources */,
				7CF39CD629C8F530009002F9 /* HuntCell.swift in Sources */,
				7CF39CCE29C8F48D009002F9 /* HuntDetailViewController.swift in Sources */,
				7CF39CD229C8F50A009002F9 /* HuntComposeViewController.swift in Sources */,
				7C1A433729C8D40B00457BFF /* SceneDelegate.swift in Sources */,
			);
			runOnlyForDeploymentPostprocessing = 0;
		};
/* End PBXSourcesBuildPhase section */

/* Begin PBXVariantGroup section */
		7C1A433A29C8D40B00457BFF /* Main.storyboard */ = {
			isa = PBXVariantGroup;
			children = (
				7C1A433B29C8D40B00457BFF /* Base */,
			);
			name = Main.storyboard;
			sourceTree = "<group>";
		};
		7C1A433F29C8D40C00457BFF /* LaunchScreen.storyboard */ = {
			isa = PBXVariantGroup;
			children = (
				7C1A434029C8D40C00457BFF /* Base */,
			);
			name = LaunchScreen.storyboard;
			sourceTree = "<group>";
		};
/* End PBXVariantGroup section */

/* Begin XCBuildConfiguration section */
		7C1A434329C8D40C00457BFF /* Debug */ = {
			isa = XCBuildConfiguration;
			buildSettings = {
				ALWAYS_SEARCH_USER_PATHS = NO;
				CLANG_ANALYZER_NONNULL = YES;
				CLANG_ANALYZER_NUMBER_OBJECT_CONVERSION = YES_AGGRESSIVE;
				CLANG_CXX_LANGUAGE_STANDARD = "gnu++20";
				CLANG_ENABLE_MODULES = YES;
				CLANG_ENABLE_OBJC_ARC = YES;
				CLANG_ENABLE_OBJC_WEAK = YES;
				CLANG_WARN_BLOCK_CAPTURE_AUTORELEASING = YES;
				CLANG_WARN_BOOL_CONVERSION = YES;
				CLANG_WARN_COMMA = YES;
				CLANG_WARN_CONSTANT_CONVERSION = YES;
				CLANG_WARN_DEPRECATED_OBJC_IMPLEMENTATIONS = YES;
				CLANG_WARN_DIRECT_OBJC_ISA_USAGE = YES_ERROR;
				CLANG_WARN_DOCUMENTATION_COMMENTS = YES;
				CLANG_WARN_EMPTY_BODY = YES;
				CLANG_WARN_ENUM_CONVERSION = YES;
				CLANG_WARN_INFINITE_RECURSION = YES;
				CLANG_WARN_INT_CONVERSION = YES;
				CLANG_WARN_NON_LITERAL_NULL_CONVERSION = YES;
				CLANG_WARN_OBJC_IMPLICIT_RETAIN_SELF = YES;
				CLANG_WARN_OBJC_LITERAL_CONVERSION = YES;
				CLANG_WARN_OBJC_ROOT_CLASS = YES_ERROR;
				CLANG_WARN_QUOTED_INCLUDE_IN_FRAMEWORK_HEADER = YES;
				CLANG_WARN_RANGE_LOOP_ANALYSIS = YES;
				CLANG_WARN_STRICT_PROTOTYPES = YES;
				CLANG_WARN_SUSPICIOUS_MOVE = YES;
				CLANG_WARN_UNGUARDED_AVAILABILITY = YES_AGGRESSIVE;
				CLANG_WARN_UNREACHABLE_CODE = YES;
				CLANG_WARN__DUPLICATE_METHOD_MATCH = YES;
				COPY_PHASE_STRIP = NO;
				DEBUG_INFORMATION_FORMAT = dwarf;
				ENABLE_STRICT_OBJC_MSGSEND = YES;
				ENABLE_TESTABILITY = YES;
				GCC_C_LANGUAGE_STANDARD = gnu11;
				GCC_DYNAMIC_NO_PIC = NO;
				GCC_NO_COMMON_BLOCKS = YES;
				GCC_OPTIMIZATION_LEVEL = 0;
				GCC_PREPROCESSOR_DEFINITIONS = (
					"DEBUG=1",
					"$(inherited)",
				);
				GCC_WARN_64_TO_32_BIT_CONVERSION = YES;
				GCC_WARN_ABOUT_RETURN_TYPE = YES_ERROR;
				GCC_WARN_UNDECLARED_SELECTOR = YES;
				GCC_WARN_UNINITIALIZED_AUTOS = YES_AGGRESSIVE;
				GCC_WARN_UNUSED_FUNCTION = YES;
				GCC_WARN_UNUSED_VARIABLE = YES;
				IPHONEOS_DEPLOYMENT_TARGET = 16.2;
				MTL_ENABLE_DEBUG_INFO = INCLUDE_SOURCE;
				MTL_FAST_MATH = YES;
				ONLY_ACTIVE_ARCH = YES;
				SDKROOT = iphoneos;
				SWIFT_ACTIVE_COMPILATION_CONDITIONS = DEBUG;
				SWIFT_OPTIMIZATION_LEVEL = "-Onone";
			};
			name = Debug;
		};
		7C1A434429C8D40C00457BFF /* Release */ = {
			isa = XCBuildConfiguration;
			buildSettings = {
				ALWAYS_SEARCH_USER_PATHS = NO;
				CLANG_ANALYZER_NONNULL = YES;
				CLANG_ANALYZER_NUMBER_OBJECT_CONVERSION = YES_AGGRESSIVE;
				CLANG_CXX_LANGUAGE_STANDARD = "gnu++20";
				CLANG_ENABLE_MODULES = YES;
				CLANG_ENABLE_OBJC_ARC = YES;
				CLANG_ENABLE_OBJC_WEAK = YES;
				CLANG_WARN_BLOCK_CAPTURE_AUTORELEASING = YES;
				CLANG_WARN_BOOL_CONVERSION = YES;
				CLANG_WARN_COMMA = YES;
				CLANG_WARN_CONSTANT_CONVERSION = YES;
				CLANG_WARN_DEPRECATED_OBJC_IMPLEMENTATIONS = YES;
				CLANG_WARN_DIRECT_OBJC_ISA_USAGE = YES_ERROR;
				CLANG_WARN_DOCUMENTATION_COMMENTS = YES;
				CLANG_WARN_EMPTY_BODY = YES;
				CLANG_WARN_ENUM_CONVERSION = YES;
				CLANG_WARN_INFINITE_RECURSION = YES;
				CLANG_WARN_INT_CONVERSION = YES;
				CLANG_WARN_NON_LITERAL_NULL_CONVERSION = YES;
				CLANG_WARN_OBJC_IMPLICIT_RETAIN_SELF = YES;
				CLANG_WARN_OBJC_LITERAL_CONVERSION = YES;
				CLANG_WARN_OBJC_ROOT_CLASS = YES_ERROR;
				CLANG_WARN_QUOTED_INCLUDE_IN_FRAMEWORK_HEADER = YES;
				CLANG_WARN_RANGE_LOOP_ANALYSIS = YES;
				CLANG_WARN_STRICT_PROTOTYPES = YES;
				CLANG_WARN_SUSPICIOUS_MOVE = YES;
				CLANG_WARN_UNGUARDED_AVAILABILITY = YES_AGGRESSIVE;
				CLANG_WARN_UNREACHABLE_CODE = YES;
				CLANG_WARN__DUPLICATE_METHOD_MATCH = YES;
				COPY_PHASE_STRIP = NO;
				DEBUG_INFORMATION_FORMAT = "dwarf-with-dsym";
				ENABLE_NS_ASSERTIONS = NO;
				ENABLE_STRICT_OBJC_MSGSEND = YES;
				GCC_C_LANGUAGE_STANDARD = gnu11;
				GCC_NO_COMMON_BLOCKS = YES;
				GCC_WARN_64_TO_32_BIT_CONVERSION = YES;
				GCC_WARN_ABOUT_RETURN_TYPE = YES_ERROR;
				GCC_WARN_UNDECLARED_SELECTOR = YES;
				GCC_WARN_UNINITIALIZED_AUTOS = YES_AGGRESSIVE;
				GCC_WARN_UNUSED_FUNCTION = YES;
				GCC_WARN_UNUSED_VARIABLE = YES;
				IPHONEOS_DEPLOYMENT_TARGET = 16.2;
				MTL_ENABLE_DEBUG_INFO = NO;
				MTL_FAST_MATH = YES;
				SDKROOT = iphoneos;
				SWIFT_COMPILATION_MODE = wholemodule;
				SWIFT_OPTIMIZATION_LEVEL = "-O";
				VALIDATE_PRODUCT = YES;
			};
			name = Release;
		};
		7C1A434629C8D40C00457BFF /* Debug */ = {
			isa = XCBuildConfiguration;
			buildSettings = {
				ASSETCATALOG_COMPILER_APPICON_NAME = AppIcon;
				ASSETCATALOG_COMPILER_GLOBAL_ACCENT_COLOR_NAME = AccentColor;
				CODE_SIGN_IDENTITY = "Apple Development";
				CODE_SIGN_STYLE = Automatic;
				CURRENT_PROJECT_VERSION = 1;
				DEVELOPMENT_TEAM = "";
				GENERATE_INFOPLIST_FILE = YES;
				INFOPLIST_FILE = "Project 4/Info.plist";
				INFOPLIST_KEY_CFBundleDisplayName = "Snap Hunt";
				INFOPLIST_KEY_LSApplicationCategoryType = "public.app-category.entertainment";
				INFOPLIST_KEY_UIApplicationSupportsIndirectInputEvents = YES;
				INFOPLIST_KEY_UILaunchStoryboardName = LaunchScreen;
				INFOPLIST_KEY_UIMainStoryboardFile = Main;
				INFOPLIST_KEY_UISupportedInterfaceOrientations_iPad = "UIInterfaceOrientationPortrait UIInterfaceOrientationPortraitUpsideDown UIInterfaceOrientationLandscapeLeft UIInterfaceOrientationLandscapeRight";
				INFOPLIST_KEY_UISupportedInterfaceOrientations_iPhone = "UIInterfaceOrientationPortrait UIInterfaceOrientationLandscapeLeft UIInterfaceOrientationLandscapeRight";
				LD_RUNPATH_SEARCH_PATHS = (
					"$(inherited)",
					"@executable_path/Frameworks",
				);
				MARKETING_VERSION = 1.0;
				PRODUCT_BUNDLE_IDENTIFIER = "Santos-Martinez.Project-4";
				PRODUCT_NAME = "$(TARGET_NAME)";
				PROVISIONING_PROFILE_SPECIFIER = "";
				SWIFT_EMIT_LOC_STRINGS = YES;
				SWIFT_VERSION = 5.0;
				TARGETED_DEVICE_FAMILY = "1,2";
			};
			name = Debug;
		};
		7C1A434729C8D40C00457BFF /* Release */ = {
			isa = XCBuildConfiguration;
			buildSettings = {
				ASSETCATALOG_COMPILER_APPICON_NAME = AppIcon;
				ASSETCATALOG_COMPILER_GLOBAL_ACCENT_COLOR_NAME = AccentColor;
				CODE_SIGN_IDENTITY = "Apple Development";
				CODE_SIGN_STYLE = Automatic;
				CURRENT_PROJECT_VERSION = 1;
				DEVELOPMENT_TEAM = "";
				GENERATE_INFOPLIST_FILE = YES;
				INFOPLIST_FILE = "Project 4/Info.plist";
				INFOPLIST_KEY_CFBundleDisplayName = "Snap Hunt";
				INFOPLIST_KEY_LSApplicationCategoryType = "public.app-category.entertainment";
				INFOPLIST_KEY_UIApplicationSupportsIndirectInputEvents = YES;
				INFOPLIST_KEY_UILaunchStoryboardName = LaunchScreen;
				INFOPLIST_KEY_UIMainStoryboardFile = Main;
				INFOPLIST_KEY_UISupportedInterfaceOrientations_iPad = "UIInterfaceOrientationPortrait UIInterfaceOrientationPortraitUpsideDown UIInterfaceOrientationLandscapeLeft UIInterfaceOrientationLandscapeRight";
				INFOPLIST_KEY_UISupportedInterfaceOrientations_iPhone = "UIInterfaceOrientationPortrait UIInterfaceOrientationLandscapeLeft UIInterfaceOrientationLandscapeRight";
				LD_RUNPATH_SEARCH_PATHS = (
					"$(inherited)",
					"@executable_path/Frameworks",
				);
				MARKETING_VERSION = 1.0;
				PRODUCT_BUNDLE_IDENTIFIER = "Santos-Martinez.Project-4";
				PRODUCT_NAME = "$(TARGET_NAME)";
				PROVISIONING_PROFILE_SPECIFIER = "";
				SWIFT_EMIT_LOC_STRINGS = YES;
				SWIFT_VERSION = 5.0;
				TARGETED_DEVICE_FAMILY = "1,2";
			};
			name = Release;
		};
/* End XCBuildConfiguration section */

/* Begin XCConfigurationList section */
		7C1A432C29C8D40B00457BFF /* Build configuration list for PBXProject "Project 4" */ = {
			isa = XCConfigurationList;
			buildConfigurations = (
				7C1A434329C8D40C00457BFF /* Debug */,
				7C1A434429C8D40C00457BFF /* Release */,
			);
			defaultConfigurationIsVisible = 0;
			defaultConfigurationName = Release;
		};
		7C1A434529C8D40C00457BFF /* Build configuration list for PBXNativeTarget "Project 4" */ = {
			isa = XCConfigurationList;
			buildConfigurations = (
				7C1A434629C8D40C00457BFF /* Debug */,
				7C1A434729C8D40C00457BFF /* Release */,
			);
			defaultConfigurationIsVisible = 0;
			defaultConfigurationName = Release;
		};
/* End XCConfigurationList section */
	};
	rootObject = 7C1A432929C8D40B00457BFF /* Project object */;
}
